
Microsoft Visual Studio Solution File, Format Version 11.00
# Visual Studio 2010
Project("{FAE04EC0-301F-11D3-BF4B-00C04F79EFBC}") = "Finished Project", "Assembly-CSharp-firstpass.csproj", "{0597DE0D-B92D-E78A-A796-B221DA524B75}"
EndProject
Project("{FAE04EC0-301F-11D3-BF4B-00C04F79EFBC}") = "Finished Project", "Assembly-CSharp.csproj", "{D90AABCA-7C3A-8D92-8AA2-11D0134BAE44}"
EndProject
Project("{FAE04EC0-301F-11D3-BF4B-00C04F79EFBC}") = "Finished Project", "Assembly-CSharp-Editor-firstpass.csproj", "{77C6B897-2089-F4C0-5248-FC82324F94D5}"
EndProject
Project("{FAE04EC0-301F-11D3-BF4B-00C04F79EFBC}") = "Finished Project", "Assembly-CSharp-Editor.csproj", "{5AA9D0B5-7DBD-4980-8005-CDCC674A7202}"
EndProject
Global
	GlobalSection(SolutionConfigurationPlatforms) = preSolution
		Debug|Any CPU = Debug|Any CPU
		Release|Any CPU = Release|Any CPU
	EndGlobalSection
	GlobalSection(ProjectConfigurationPlatforms) = postSolution
		{0597DE0D-B92D-E78A-A796-B221DA524B75}.Debug|Any CPU.ActiveCfg = Debug|Any CPU
		{0597DE0D-B92D-E78A-A796-B221DA524B75}.Debug|Any CPU.Build.0 = Debug|Any CPU
		{0597DE0D-B92D-E78A-A796-B221DA524B75}.Release|Any CPU.ActiveCfg = Release|Any CPU
		{0597DE0D-B92D-E78A-A796-B221DA524B75}.Release|Any CPU.Build.0 = Release|Any CPU
		{D90AABCA-7C3A-8D92-8AA2-11D0134BAE44}.Debug|Any CPU.ActiveCfg = Debug|Any CPU
		{D90AABCA-7C3A-8D92-8AA2-11D0134BAE44}.Debug|Any CPU.Build.0 = Debug|Any CPU
		{D90AABCA-7C3A-8D92-8AA2-11D0134BAE44}.Release|Any CPU.ActiveCfg = Release|Any CPU
		{D90AABCA-7C3A-8D92-8AA2-11D0134BAE44}.Release|Any CPU.Build.0 = Release|Any CPU
		{77C6B897-2089-F4C0-5248-FC82324F94D5}.Debug|Any CPU.ActiveCfg = Debug|Any CPU
		{77C6B897-2089-F4C0-5248-FC82324F94D5}.Debug|Any CPU.Build.0 = Debug|Any CPU
		{77C6B897-2089-F4C0-5248-FC82324F94D5}.Release|Any CPU.ActiveCfg = Release|Any CPU
		{77C6B897-2089-F4C0-5248-FC82324F94D5}.Release|Any CPU.Build.0 = Release|Any CPU
		{5AA9D0B5-7DBD-4980-8005-CDCC674A7202}.Debug|Any CPU.ActiveCfg = Debug|Any CPU
		{5AA9D0B5-7DBD-4980-8005-CDCC674A7202}.Debug|Any CPU.Build.0 = Debug|Any CPU
		{5AA9D0B5-7DBD-4980-8005-CDCC674A7202}.Release|Any CPU.ActiveCfg = Release|Any CPU
		{5AA9D0B5-7DBD-4980-8005-CDCC674A7202}.Release|Any CPU.Build.0 = Release|Any CPU
	EndGlobalSection
	GlobalSection(SolutionProperties) = preSolution
		HideSolutionNode = FALSE
	EndGlobalSection
	GlobalSection(MonoDevelopProperties) = preSolution
		StartupItem = Assembly-CSharp.csproj
	EndGlobalSection
EndGlobal
