
Microsoft Visual Studio Solution File, Format Version 11.00
# Visual Studio 2010
Project("{FAE04EC0-301F-11D3-BF4B-00C04F79EFBC}") = "The Peon's Quest v.58 (current VR)", "Assembly-CSharp.csproj", "{476DFF23-090C-2EAB-35A6-4975ECA54898}"
EndProject
Project("{FAE04EC0-301F-11D3-BF4B-00C04F79EFBC}") = "The Peon's Quest v.58 (current VR)", "Assembly-CSharp-Editor.csproj", "{DDC30202-AF35-7CAD-CCAB-89B28D0A65AA}"
EndProject
Project("{05DE7F95-1BF1-BBD5-3584-9486167857DC}") = "The Peon's Quest v.58 (current VR)", "Assembly-UnityScript.unityproj", "{F9AC676F-FA50-4165-21ED-D4E86D3ED2CE}"
EndProject
Global
	GlobalSection(SolutionConfigurationPlatforms) = preSolution
		Debug|Any CPU = Debug|Any CPU
		Release|Any CPU = Release|Any CPU
	EndGlobalSection
	GlobalSection(ProjectConfigurationPlatforms) = postSolution
		{476DFF23-090C-2EAB-35A6-4975ECA54898}.Debug|Any CPU.ActiveCfg = Debug|Any CPU
		{476DFF23-090C-2EAB-35A6-4975ECA54898}.Debug|Any CPU.Build.0 = Debug|Any CPU
		{476DFF23-090C-2EAB-35A6-4975ECA54898}.Release|Any CPU.ActiveCfg = Release|Any CPU
		{476DFF23-090C-2EAB-35A6-4975ECA54898}.Release|Any CPU.Build.0 = Release|Any CPU
		{DDC30202-AF35-7CAD-CCAB-89B28D0A65AA}.Debug|Any CPU.ActiveCfg = Debug|Any CPU
		{DDC30202-AF35-7CAD-CCAB-89B28D0A65AA}.Debug|Any CPU.Build.0 = Debug|Any CPU
		{DDC30202-AF35-7CAD-CCAB-89B28D0A65AA}.Release|Any CPU.ActiveCfg = Release|Any CPU
		{DDC30202-AF35-7CAD-CCAB-89B28D0A65AA}.Release|Any CPU.Build.0 = Release|Any CPU
		{F9AC676F-FA50-4165-21ED-D4E86D3ED2CE}.Debug|Any CPU.ActiveCfg = Debug|Any CPU
		{F9AC676F-FA50-4165-21ED-D4E86D3ED2CE}.Debug|Any CPU.Build.0 = Debug|Any CPU
		{F9AC676F-FA50-4165-21ED-D4E86D3ED2CE}.Release|Any CPU.ActiveCfg = Release|Any CPU
		{F9AC676F-FA50-4165-21ED-D4E86D3ED2CE}.Release|Any CPU.Build.0 = Release|Any CPU
	EndGlobalSection
	GlobalSection(SolutionProperties) = preSolution
		HideSolutionNode = FALSE
	EndGlobalSection
	GlobalSection(MonoDevelopProperties) = preSolution
		StartupItem = Assembly-CSharp.csproj
	EndGlobalSection
EndGlobal
