
Microsoft Visual Studio Solution File, Format Version 12.00
# Visual Studio 15
Project("{FAE04EC0-301F-11D3-BF4B-00C04F79EFBC}") = "The Peon's Quest v.63 (current VR)", "The Peon's Quest v.63 (current VR).csproj", "{520C8C3B-8BE5-8B8A-78AB-5E8591C696E4}"
EndProject
Project("{FAE04EC0-301F-11D3-BF4B-00C04F79EFBC}") = "The Peon's Quest v.63 (current VR).Editor", "The Peon's Quest v.63 (current VR).Editor.csproj", "{6E6B87E2-485D-A2EC-5242-399292FD8964}"
EndProject
Global
	GlobalSection(SolutionConfigurationPlatforms) = preSolution
		Debug|Any CPU = Debug|Any CPU
		Release|Any CPU = Release|Any CPU
	EndGlobalSection
	GlobalSection(ProjectConfigurationPlatforms) = postSolution
		{520C8C3B-8BE5-8B8A-78AB-5E8591C696E4}.Debug|Any CPU.ActiveCfg = Debug|Any CPU
		{520C8C3B-8BE5-8B8A-78AB-5E8591C696E4}.Debug|Any CPU.Build.0 = Debug|Any CPU
		{520C8C3B-8BE5-8B8A-78AB-5E8591C696E4}.Release|Any CPU.ActiveCfg = Release|Any CPU
		{520C8C3B-8BE5-8B8A-78AB-5E8591C696E4}.Release|Any CPU.Build.0 = Release|Any CPU
		{6E6B87E2-485D-A2EC-5242-399292FD8964}.Debug|Any CPU.ActiveCfg = Debug|Any CPU
		{6E6B87E2-485D-A2EC-5242-399292FD8964}.Debug|Any CPU.Build.0 = Debug|Any CPU
		{6E6B87E2-485D-A2EC-5242-399292FD8964}.Release|Any CPU.ActiveCfg = Release|Any CPU
		{6E6B87E2-485D-A2EC-5242-399292FD8964}.Release|Any CPU.Build.0 = Release|Any CPU
	EndGlobalSection
	GlobalSection(SolutionProperties) = preSolution
		HideSolutionNode = FALSE
	EndGlobalSection
EndGlobal
